
Microsoft Visual Studio Solution File, Format Version 12.00
# Visual Studio Version 16
VisualStudioVersion = 16.0.32002.261
MinimumVisualStudioVersion = 10.0.40219.1
Project("{FAE04EC0-301F-11D3-BF4B-00C04F79EFBC}") = "Wpf Authorization", "Wpf Authorization\Wpf Authorization.csproj", "{AE568DB4-0A1B-434F-A5BC-DE31CAF5973F}"
EndProject
Global
	GlobalSection(SolutionConfigurationPlatforms) = preSolution
		Debug|Any CPU = Debug|Any CPU
		Release|Any CPU = Release|Any CPU
	EndGlobalSection
	GlobalSection(ProjectConfigurationPlatforms) = postSolution
		{AE568DB4-0A1B-434F-A5BC-DE31CAF5973F}.Debug|Any CPU.ActiveCfg = Debug|Any CPU
		{AE568DB4-0A1B-434F-A5BC-DE31CAF5973F}.Debug|Any CPU.Build.0 = Debug|Any CPU
		{AE568DB4-0A1B-434F-A5BC-DE31CAF5973F}.Release|Any CPU.ActiveCfg = Release|Any CPU
		{AE568DB4-0A1B-434F-A5BC-DE31CAF5973F}.Release|Any CPU.Build.0 = Release|Any CPU
	EndGlobalSection
	GlobalSection(SolutionProperties) = preSolution
		HideSolutionNode = FALSE
	EndGlobalSection
	GlobalSection(ExtensibilityGlobals) = postSolution
		SolutionGuid = {43E0854E-89DC-46BF-9AE5-9AF8BB13EB3B}
	EndGlobalSection
EndGlobal
